
Microsoft Visual Studio Solution File, Format Version 12.00
# Visual Studio Version 17
VisualStudioVersion = 17.9.34622.214
MinimumVisualStudioVersion = 10.0.40219.1
Project("{FAE04EC0-301F-11D3-BF4B-00C04F79EFBC}") = "ApiProjeKampi.WebApi", "ApiProjeKampi.WebApi\ApiProjeKampi.WebApi.csproj", "{FCA4B4D0-0A80-48D4-A637-DE9C3A32C5DE}"
EndProject
Global
	GlobalSection(SolutionConfigurationPlatforms) = preSolution
		Debug|Any CPU = Debug|Any CPU
		Release|Any CPU = Release|Any CPU
	EndGlobalSection
	GlobalSection(ProjectConfigurationPlatforms) = postSolution
		{FCA4B4D0-0A80-48D4-A637-DE9C3A32C5DE}.Debug|Any CPU.ActiveCfg = Debug|Any CPU
		{FCA4B4D0-0A80-48D4-A637-DE9C3A32C5DE}.Debug|Any CPU.Build.0 = Debug|Any CPU
		{FCA4B4D0-0A80-48D4-A637-DE9C3A32C5DE}.Release|Any CPU.ActiveCfg = Release|Any CPU
		{FCA4B4D0-0A80-48D4-A637-DE9C3A32C5DE}.Release|Any CPU.Build.0 = Release|Any CPU
	EndGlobalSection
	GlobalSection(SolutionProperties) = preSolution
		HideSolutionNode = FALSE
	EndGlobalSection
	GlobalSection(ExtensibilityGlobals) = postSolution
		SolutionGuid = {27C3FDB6-276A-497A-9F7D-F062583071B8}
	EndGlobalSection
EndGlobal
